
Microsoft Visual Studio Solution File, Format Version 12.00
# Visual Studio Version 17
VisualStudioVersion = 17.11.35327.3
MinimumVisualStudioVersion = 10.0.40219.1
Project("{FAE04EC0-301F-11D3-BF4B-00C04F79EFBC}") = "SDPAssignment1", "SDPAssignment1\SDPAssignment1.csproj", "{CC6E9FB6-42EF-499F-BE6A-2E14329BE82C}"
EndProject
Global
	GlobalSection(SolutionConfigurationPlatforms) = preSolution
		Debug|Any CPU = Debug|Any CPU
		Release|Any CPU = Release|Any CPU
	EndGlobalSection
	GlobalSection(ProjectConfigurationPlatforms) = postSolution
		{CC6E9FB6-42EF-499F-BE6A-2E14329BE82C}.Debug|Any CPU.ActiveCfg = Debug|Any CPU
		{CC6E9FB6-42EF-499F-BE6A-2E14329BE82C}.Debug|Any CPU.Build.0 = Debug|Any CPU
		{CC6E9FB6-42EF-499F-BE6A-2E14329BE82C}.Release|Any CPU.ActiveCfg = Release|Any CPU
		{CC6E9FB6-42EF-499F-BE6A-2E14329BE82C}.Release|Any CPU.Build.0 = Release|Any CPU
	EndGlobalSection
	GlobalSection(SolutionProperties) = preSolution
		HideSolutionNode = FALSE
	EndGlobalSection
	GlobalSection(ExtensibilityGlobals) = postSolution
		SolutionGuid = {13EE858E-F559-4F80-B118-563229DAB8B1}
	EndGlobalSection
EndGlobal
